
Microsoft Visual Studio Solution File, Format Version 12.00
# Visual Studio Version 17
VisualStudioVersion = 17.9.34728.123
MinimumVisualStudioVersion = 10.0.40219.1
Project("{FAE04EC0-301F-11D3-BF4B-00C04F79EFBC}") = "01_TodoAPI", "01_TodoAPI\01_TodoAPI.csproj", "{BAEA8C29-358D-425D-A308-4C5E4E7EE59C}"
EndProject
Global
	GlobalSection(SolutionConfigurationPlatforms) = preSolution
		Debug|Any CPU = Debug|Any CPU
		Release|Any CPU = Release|Any CPU
	EndGlobalSection
	GlobalSection(ProjectConfigurationPlatforms) = postSolution
		{BAEA8C29-358D-425D-A308-4C5E4E7EE59C}.Debug|Any CPU.ActiveCfg = Debug|Any CPU
		{BAEA8C29-358D-425D-A308-4C5E4E7EE59C}.Debug|Any CPU.Build.0 = Debug|Any CPU
		{BAEA8C29-358D-425D-A308-4C5E4E7EE59C}.Release|Any CPU.ActiveCfg = Release|Any CPU
		{BAEA8C29-358D-425D-A308-4C5E4E7EE59C}.Release|Any CPU.Build.0 = Release|Any CPU
	EndGlobalSection
	GlobalSection(SolutionProperties) = preSolution
		HideSolutionNode = FALSE
	EndGlobalSection
	GlobalSection(ExtensibilityGlobals) = postSolution
		SolutionGuid = {A1DE4F84-C560-4CF1-BFA2-8741CBC636CF}
	EndGlobalSection
EndGlobal
